
Microsoft Visual Studio Solution File, Format Version 12.00
# Visual Studio Version 17
VisualStudioVersion = 17.7.34031.279
MinimumVisualStudioVersion = 10.0.40219.1
Project("{9A19103F-16F7-4668-BE54-9A1E7A4F7556}") = "ComputadoraDal", "ComputadoraDal\ComputadoraDal.csproj", "{51FBB514-50D6-488D-AC2B-1E6AF20389BD}"
EndProject
Project("{9A19103F-16F7-4668-BE54-9A1E7A4F7556}") = "ComputadoraBss", "ComputadoraBss\ComputadoraBss.csproj", "{3AD59724-6832-4B09-9463-82F925BC1B64}"
EndProject
Project("{9A19103F-16F7-4668-BE54-9A1E7A4F7556}") = "ComputadoraModelos", "ComputadoraModelos\ComputadoraModelos.csproj", "{B15F2417-2082-41CF-9E4A-A8A7990D9C2B}"
EndProject
Project("{FAE04EC0-301F-11D3-BF4B-00C04F79EFBC}") = "ComputadoraVistas", "ComputadoraVistas\ComputadoraVistas.csproj", "{BF150040-8030-4A1B-8DA9-BD795232A2FE}"
EndProject
Global
	GlobalSection(SolutionConfigurationPlatforms) = preSolution
		Debug|Any CPU = Debug|Any CPU
		Release|Any CPU = Release|Any CPU
	EndGlobalSection
	GlobalSection(ProjectConfigurationPlatforms) = postSolution
		{51FBB514-50D6-488D-AC2B-1E6AF20389BD}.Debug|Any CPU.ActiveCfg = Debug|Any CPU
		{51FBB514-50D6-488D-AC2B-1E6AF20389BD}.Debug|Any CPU.Build.0 = Debug|Any CPU
		{51FBB514-50D6-488D-AC2B-1E6AF20389BD}.Release|Any CPU.ActiveCfg = Release|Any CPU
		{51FBB514-50D6-488D-AC2B-1E6AF20389BD}.Release|Any CPU.Build.0 = Release|Any CPU
		{3AD59724-6832-4B09-9463-82F925BC1B64}.Debug|Any CPU.ActiveCfg = Debug|Any CPU
		{3AD59724-6832-4B09-9463-82F925BC1B64}.Debug|Any CPU.Build.0 = Debug|Any CPU
		{3AD59724-6832-4B09-9463-82F925BC1B64}.Release|Any CPU.ActiveCfg = Release|Any CPU
		{3AD59724-6832-4B09-9463-82F925BC1B64}.Release|Any CPU.Build.0 = Release|Any CPU
		{B15F2417-2082-41CF-9E4A-A8A7990D9C2B}.Debug|Any CPU.ActiveCfg = Debug|Any CPU
		{B15F2417-2082-41CF-9E4A-A8A7990D9C2B}.Debug|Any CPU.Build.0 = Debug|Any CPU
		{B15F2417-2082-41CF-9E4A-A8A7990D9C2B}.Release|Any CPU.ActiveCfg = Release|Any CPU
		{B15F2417-2082-41CF-9E4A-A8A7990D9C2B}.Release|Any CPU.Build.0 = Release|Any CPU
		{BF150040-8030-4A1B-8DA9-BD795232A2FE}.Debug|Any CPU.ActiveCfg = Debug|Any CPU
		{BF150040-8030-4A1B-8DA9-BD795232A2FE}.Debug|Any CPU.Build.0 = Debug|Any CPU
		{BF150040-8030-4A1B-8DA9-BD795232A2FE}.Release|Any CPU.ActiveCfg = Release|Any CPU
		{BF150040-8030-4A1B-8DA9-BD795232A2FE}.Release|Any CPU.Build.0 = Release|Any CPU
	EndGlobalSection
	GlobalSection(SolutionProperties) = preSolution
		HideSolutionNode = FALSE
	EndGlobalSection
	GlobalSection(ExtensibilityGlobals) = postSolution
		SolutionGuid = {72ADEB32-35C3-4FDF-97FC-684EDEE3B997}
	EndGlobalSection
EndGlobal
